
Microsoft Visual Studio Solution File, Format Version 12.00
# Visual Studio Version 16
VisualStudioVersion = 16.0.29123.88
MinimumVisualStudioVersion = 10.0.40219.1
Project("{FAE04EC0-301F-11D3-BF4B-00C04F79EFBC}") = "cw1", "cw1\cw1.csproj", "{9A1C205A-3849-412F-934F-43549FC67622}"
EndProject
Global
	GlobalSection(SolutionConfigurationPlatforms) = preSolution
		Debug|Any CPU = Debug|Any CPU
		Release|Any CPU = Release|Any CPU
	EndGlobalSection
	GlobalSection(ProjectConfigurationPlatforms) = postSolution
		{9A1C205A-3849-412F-934F-43549FC67622}.Debug|Any CPU.ActiveCfg = Debug|Any CPU
		{9A1C205A-3849-412F-934F-43549FC67622}.Debug|Any CPU.Build.0 = Debug|Any CPU
		{9A1C205A-3849-412F-934F-43549FC67622}.Release|Any CPU.ActiveCfg = Release|Any CPU
		{9A1C205A-3849-412F-934F-43549FC67622}.Release|Any CPU.Build.0 = Release|Any CPU
	EndGlobalSection
	GlobalSection(SolutionProperties) = preSolution
		HideSolutionNode = FALSE
	EndGlobalSection
	GlobalSection(ExtensibilityGlobals) = postSolution
		SolutionGuid = {4D85444E-C7D7-4BD7-B4BB-C6471C9EA7BA}
	EndGlobalSection
EndGlobal
